// !$*UTF8*$!
{
	archiveVersion = 1;
	classes = {
	};
	objectVersion = 55;
	objects = {

/* Begin PBXBuildFile section */
		35588BD228EF042500181D2D /* AppMapView.swift in Sources */ = {isa = PBXBuildFile; fileRef = 35588BD028EF042400181D2D /* AppMapView.swift */; };
		35588BD328EF042500181D2D /* DamView.swift in Sources */ = {isa = PBXBuildFile; fileRef = 35588BD128EF042500181D2D /* DamView.swift */; };
		3590818A28A7554800034B60 /* IGEM_SoftwareApp.swift in Sources */ = {isa = PBXBuildFile; fileRef = 3590818928A7554800034B60 /* IGEM_SoftwareApp.swift */; };
		3590818C28A7554800034B60 /* ContentView.swift in Sources */ = {isa = PBXBuildFile; fileRef = 3590818B28A7554800034B60 /* ContentView.swift */; };
		3590818E28A7555100034B60 /* Assets.xcassets in Resources */ = {isa = PBXBuildFile; fileRef = 3590818D28A7555100034B60 /* Assets.xcassets */; };
		3590819128A7555100034B60 /* Preview Assets.xcassets in Resources */ = {isa = PBXBuildFile; fileRef = 3590819028A7555100034B60 /* Preview Assets.xcassets */; };
		3599292328B7248E0076D396 /* InputView.swift in Sources */ = {isa = PBXBuildFile; fileRef = 3599292228B7248E0076D396 /* InputView.swift */; };
		3599292528B7252A0076D396 /* HomeView.swift in Sources */ = {isa = PBXBuildFile; fileRef = 3599292428B7252A0076D396 /* HomeView.swift */; };
		35B0A7D828BB06B80008FC3F /* FirebaseAuth in Frameworks */ = {isa = PBXBuildFile; productRef = 35B0A7D728BB06B80008FC3F /* FirebaseAuth */; };
		35B0A7DA28BB08200008FC3F /* LoginView.swift in Sources */ = {isa = PBXBuildFile; fileRef = 35B0A7D928BB08200008FC3F /* LoginView.swift */; };
		35B0A7DC28BB19500008FC3F /* SignUpView.swift in Sources */ = {isa = PBXBuildFile; fileRef = 35B0A7DB28BB19500008FC3F /* SignUpView.swift */; };
		35D3CC0928EEFB06005C9988 /* GoogleService-Info.plist in Resources */ = {isa = PBXBuildFile; fileRef = 35D3CC0828EEFB05005C9988 /* GoogleService-Info.plist */; };
/* End PBXBuildFile section */

/* Begin PBXFileReference section */
		35588BD028EF042400181D2D /* AppMapView.swift */ = {isa = PBXFileReference; fileEncoding = 4; lastKnownFileType = sourcecode.swift; path = AppMapView.swift; sourceTree = "<group>"; };
		35588BD128EF042500181D2D /* DamView.swift */ = {isa = PBXFileReference; fileEncoding = 4; lastKnownFileType = sourcecode.swift; path = DamView.swift; sourceTree = "<group>"; };
		3590818628A7554800034B60 /* IGEM Software.app */ = {isa = PBXFileReference; explicitFileType = wrapper.application; includeInIndex = 0; path = "IGEM Software.app"; sourceTree = BUILT_PRODUCTS_DIR; };
		3590818928A7554800034B60 /* IGEM_SoftwareApp.swift */ = {isa = PBXFileReference; lastKnownFileType = sourcecode.swift; path = IGEM_SoftwareApp.swift; sourceTree = "<group>"; };
		3590818B28A7554800034B60 /* ContentView.swift */ = {isa = PBXFileReference; lastKnownFileType = sourcecode.swift; path = ContentView.swift; sourceTree = "<group>"; };
		3590818D28A7555100034B60 /* Assets.xcassets */ = {isa = PBXFileReference; lastKnownFileType = folder.assetcatalog; path = Assets.xcassets; sourceTree = "<group>"; };
		3590819028A7555100034B60 /* Preview Assets.xcassets */ = {isa = PBXFileReference; lastKnownFileType = folder.assetcatalog; path = "Preview Assets.xcassets"; sourceTree = "<group>"; };
		3599292228B7248E0076D396 /* InputView.swift */ = {isa = PBXFileReference; lastKnownFileType = sourcecode.swift; path = InputView.swift; sourceTree = "<group>"; };
		3599292428B7252A0076D396 /* HomeView.swift */ = {isa = PBXFileReference; lastKnownFileType = sourcecode.swift; path = HomeView.swift; sourceTree = "<group>"; };
		35B0A7D928BB08200008FC3F /* LoginView.swift */ = {isa = PBXFileReference; lastKnownFileType = sourcecode.swift; path = LoginView.swift; sourceTree = "<group>"; };
		35B0A7DB28BB19500008FC3F /* SignUpView.swift */ = {isa = PBXFileReference; lastKnownFileType = sourcecode.swift; path = SignUpView.swift; sourceTree = "<group>"; };
		35D3CC0828EEFB05005C9988 /* GoogleService-Info.plist */ = {isa = PBXFileReference; lastKnownFileType = text.plist; path = "GoogleService-Info.plist"; sourceTree = SOURCE_ROOT; };
/* End PBXFileReference section */

/* Begin PBXFrameworksBuildPhase section */
		3590818328A7554800034B60 /* Frameworks */ = {
			isa = PBXFrameworksBuildPhase;
			buildActionMask = 2147483647;
			files = (
				35B0A7D828BB06B80008FC3F /* FirebaseAuth in Frameworks */,
			);
			runOnlyForDeploymentPostprocessing = 0;
		};
/* End PBXFrameworksBuildPhase section */

/* Begin PBXGroup section */
		3590817D28A7554800034B60 = {
			isa = PBXGroup;
			children = (
				3599292428B7252A0076D396 /* HomeView.swift */,
				3590818828A7554800034B60 /* IGEM Software */,
				3590818728A7554800034B60 /* Products */,
			);
			sourceTree = "<group>";
		};
		3590818728A7554800034B60 /* Products */ = {
			isa = PBXGroup;
			children = (
				3590818628A7554800034B60 /* IGEM Software.app */,
			);
			name = Products;
			sourceTree = "<group>";
		};
		3590818828A7554800034B60 /* IGEM Software */ = {
			isa = PBXGroup;
			children = (
				35D3CC0828EEFB05005C9988 /* GoogleService-Info.plist */,
				3590818928A7554800034B60 /* IGEM_SoftwareApp.swift */,
				3590818B28A7554800034B60 /* ContentView.swift */,
				3599292228B7248E0076D396 /* InputView.swift */,
				35588BD028EF042400181D2D /* AppMapView.swift */,
				35588BD128EF042500181D2D /* DamView.swift */,
				3590818D28A7555100034B60 /* Assets.xcassets */,
				3590818F28A7555100034B60 /* Preview Content */,
				35B0A7D928BB08200008FC3F /* LoginView.swift */,
				35B0A7DB28BB19500008FC3F /* SignUpView.swift */,
			);
			path = "IGEM Software";
			sourceTree = "<group>";
		};
		3590818F28A7555100034B60 /* Preview Content */ = {
			isa = PBXGroup;
			children = (
				3590819028A7555100034B60 /* Preview Assets.xcassets */,
			);
			path = "Preview Content";
			sourceTree = "<group>";
		};
/* End PBXGroup section */

/* Begin PBXNativeTarget section */
		3590818528A7554800034B60 /* IGEM Software */ = {
			isa = PBXNativeTarget;
			buildConfigurationList = 3590819428A7555100034B60 /* Build configuration list for PBXNativeTarget "IGEM Software" */;
			buildPhases = (
				3590818228A7554800034B60 /* Sources */,
				3590818328A7554800034B60 /* Frameworks */,
				3590818428A7554800034B60 /* Resources */,
			);
			buildRules = (
			);
			dependencies = (
			);
			name = "IGEM Software";
			packageProductDependencies = (
				35B0A7D728BB06B80008FC3F /* FirebaseAuth */,
			);
			productName = "IGEM Software";
			productReference = 3590818628A7554800034B60 /* IGEM Software.app */;
			productType = "com.apple.product-type.application";
		};
/* End PBXNativeTarget section */

/* Begin PBXProject section */
		3590817E28A7554800034B60 /* Project object */ = {
			isa = PBXProject;
			attributes = {
				BuildIndependentTargetsInParallel = 1;
				LastSwiftUpdateCheck = 1340;
				LastUpgradeCheck = 1340;
				TargetAttributes = {
					3590818528A7554800034B60 = {
						CreatedOnToolsVersion = 13.4.1;
					};
				};
			};
			buildConfigurationList = 3590818128A7554800034B60 /* Build configuration list for PBXProject "IGEM Software" */;
			compatibilityVersion = "Xcode 13.0";
			developmentRegion = en;
			hasScannedForEncodings = 0;
			knownRegions = (
				en,
				Base,
			);
			mainGroup = 3590817D28A7554800034B60;
			packageReferences = (
				35B0A7D628BB06B70008FC3F /* XCRemoteSwiftPackageReference "firebase-ios-sdk" */,
			);
			productRefGroup = 3590818728A7554800034B60 /* Products */;
			projectDirPath = "";
			projectRoot = "";
			targets = (
				3590818528A7554800034B60 /* IGEM Software */,
			);
		};
/* End PBXProject section */

/* Begin PBXResourcesBuildPhase section */
		3590818428A7554800034B60 /* Resources */ = {
			isa = PBXResourcesBuildPhase;
			buildActionMask = 2147483647;
			files = (
				3590819128A7555100034B60 /* Preview Assets.xcassets in Resources */,
				3590818E28A7555100034B60 /* Assets.xcassets in Resources */,
				35D3CC0928EEFB06005C9988 /* GoogleService-Info.plist in Resources */,
			);
			runOnlyForDeploymentPostprocessing = 0;
		};
/* End PBXResourcesBuildPhase section */

/* Begin PBXSourcesBuildPhase section */
		3590818228A7554800034B60 /* Sources */ = {
			isa = PBXSourcesBuildPhase;
			buildActionMask = 2147483647;
			files = (
				3599292328B7248E0076D396 /* InputView.swift in Sources */,
				3599292528B7252A0076D396 /* HomeView.swift in Sources */,
				3590818C28A7554800034B60 /* ContentView.swift in Sources */,
				35B0A7DA28BB08200008FC3F /* LoginView.swift in Sources */,
				35588BD228EF042500181D2D /* AppMapView.swift in Sources */,
				35588BD328EF042500181D2D /* DamView.swift in Sources */,
				35B0A7DC28BB19500008FC3F /* SignUpView.swift in Sources */,
				3590818A28A7554800034B60 /* IGEM_SoftwareApp.swift in Sources */,
			);
			runOnlyForDeploymentPostprocessing = 0;
		};
/* End PBXSourcesBuildPhase section */

/* Begin XCBuildConfiguration section */
		3590819228A7555100034B60 /* Debug */ = {
			isa = XCBuildConfiguration;
			buildSettings = {
				ALWAYS_SEARCH_USER_PATHS = NO;
				CLANG_ANALYZER_NONNULL = YES;
				CLANG_ANALYZER_NUMBER_OBJECT_CONVERSION = YES_AGGRESSIVE;
				CLANG_CXX_LANGUAGE_STANDARD = "gnu++17";
				CLANG_ENABLE_MODULES = YES;
				CLANG_ENABLE_OBJC_ARC = YES;
				CLANG_ENABLE_OBJC_WEAK = YES;
				CLANG_WARN_BLOCK_CAPTURE_AUTORELEASING = YES;
				CLANG_WARN_BOOL_CONVERSION = YES;
				CLANG_WARN_COMMA = YES;
				CLANG_WARN_CONSTANT_CONVERSION = YES;
				CLANG_WARN_DEPRECATED_OBJC_IMPLEMENTATIONS = YES;
				CLANG_WARN_DIRECT_OBJC_ISA_USAGE = YES_ERROR;
				CLANG_WARN_DOCUMENTATION_COMMENTS = YES;
				CLANG_WARN_EMPTY_BODY = YES;
				CLANG_WARN_ENUM_CONVERSION = YES;
				CLANG_WARN_INFINITE_RECURSION = YES;
				CLANG_WARN_INT_CONVERSION = YES;
				CLANG_WARN_NON_LITERAL_NULL_CONVERSION = YES;
				CLANG_WARN_OBJC_IMPLICIT_RETAIN_SELF = YES;
				CLANG_WARN_OBJC_LITERAL_CONVERSION = YES;
				CLANG_WARN_OBJC_ROOT_CLASS = YES_ERROR;
				CLANG_WARN_QUOTED_INCLUDE_IN_FRAMEWORK_HEADER = YES;
				CLANG_WARN_RANGE_LOOP_ANALYSIS = YES;
				CLANG_WARN_STRICT_PROTOTYPES = YES;
				CLANG_WARN_SUSPICIOUS_MOVE = YES;
				CLANG_WARN_UNGUARDED_AVAILABILITY = YES_AGGRESSIVE;
				CLANG_WARN_UNREACHABLE_CODE = YES;
				CLANG_WARN__DUPLICATE_METHOD_MATCH = YES;
				COPY_PHASE_STRIP = NO;
				DEBUG_INFORMATION_FORMAT = dwarf;
				ENABLE_STRICT_OBJC_MSGSEND = YES;
				ENABLE_TESTABILITY = YES;
				GCC_C_LANGUAGE_STANDARD = gnu11;
				GCC_DYNAMIC_NO_PIC = NO;
				GCC_NO_COMMON_BLOCKS = YES;
				GCC_OPTIMIZATION_LEVEL = 0;
				GCC_PREPROCESSOR_DEFINITIONS = (
					"DEBUG=1",
					"$(inherited)",
				);
				GCC_WARN_64_TO_32_BIT_CONVERSION = YES;
				GCC_WARN_ABOUT_RETURN_TYPE = YES_ERROR;
				GCC_WARN_UNDECLARED_SELECTOR = YES;
				GCC_WARN_UNINITIALIZED_AUTOS = YES_AGGRESSIVE;
				GCC_WARN_UNUSED_FUNCTION = YES;
				GCC_WARN_UNUSED_VARIABLE = YES;
				IPHONEOS_DEPLOYMENT_TARGET = 15.5;
				MTL_ENABLE_DEBUG_INFO = INCLUDE_SOURCE;
				MTL_FAST_MATH = YES;
				ONLY_ACTIVE_ARCH = YES;
				SDKROOT = iphoneos;
				SWIFT_ACTIVE_COMPILATION_CONDITIONS = DEBUG;
				SWIFT_OPTIMIZATION_LEVEL = "-Onone";
			};
			name = Debug;
		};
		3590819328A7555100034B60 /* Release */ = {
			isa = XCBuildConfiguration;
			buildSettings = {
				ALWAYS_SEARCH_USER_PATHS = NO;
				CLANG_ANALYZER_NONNULL = YES;
				CLANG_ANALYZER_NUMBER_OBJECT_CONVERSION = YES_AGGRESSIVE;
				CLANG_CXX_LANGUAGE_STANDARD = "gnu++17";
				CLANG_ENABLE_MODULES = YES;
				CLANG_ENABLE_OBJC_ARC = YES;
				CLANG_ENABLE_OBJC_WEAK = YES;
				CLANG_WARN_BLOCK_CAPTURE_AUTORELEASING = YES;
				CLANG_WARN_BOOL_CONVERSION = YES;
				CLANG_WARN_COMMA = YES;
				CLANG_WARN_CONSTANT_CONVERSION = YES;
				CLANG_WARN_DEPRECATED_OBJC_IMPLEMENTATIONS = YES;
				CLANG_WARN_DIRECT_OBJC_ISA_USAGE = YES_ERROR;
				CLANG_WARN_DOCUMENTATION_COMMENTS = YES;
				CLANG_WARN_EMPTY_BODY = YES;
				CLANG_WARN_ENUM_CONVERSION = YES;
				CLANG_WARN_INFINITE_RECURSION = YES;
				CLANG_WARN_INT_CONVERSION = YES;
				CLANG_WARN_NON_LITERAL_NULL_CONVERSION = YES;
				CLANG_WARN_OBJC_IMPLICIT_RETAIN_SELF = YES;
				CLANG_WARN_OBJC_LITERAL_CONVERSION = YES;
				CLANG_WARN_OBJC_ROOT_CLASS = YES_ERROR;
				CLANG_WARN_QUOTED_INCLUDE_IN_FRAMEWORK_HEADER = YES;
				CLANG_WARN_RANGE_LOOP_ANALYSIS = YES;
				CLANG_WARN_STRICT_PROTOTYPES = YES;
				CLANG_WARN_SUSPICIOUS_MOVE = YES;
				CLANG_WARN_UNGUARDED_AVAILABILITY = YES_AGGRESSIVE;
				CLANG_WARN_UNREACHABLE_CODE = YES;
				CLANG_WARN__DUPLICATE_METHOD_MATCH = YES;
				COPY_PHASE_STRIP = NO;
				DEBUG_INFORMATION_FORMAT = "dwarf-with-dsym";
				ENABLE_NS_ASSERTIONS = NO;
				ENABLE_STRICT_OBJC_MSGSEND = YES;
				GCC_C_LANGUAGE_STANDARD = gnu11;
				GCC_NO_COMMON_BLOCKS = YES;
				GCC_WARN_64_TO_32_BIT_CONVERSION = YES;
				GCC_WARN_ABOUT_RETURN_TYPE = YES_ERROR;
				GCC_WARN_UNDECLARED_SELECTOR = YES;
				GCC_WARN_UNINITIALIZED_AUTOS = YES_AGGRESSIVE;
				GCC_WARN_UNUSED_FUNCTION = YES;
				GCC_WARN_UNUSED_VARIABLE = YES;
				IPHONEOS_DEPLOYMENT_TARGET = 15.5;
				MTL_ENABLE_DEBUG_INFO = NO;
				MTL_FAST_MATH = YES;
				SDKROOT = iphoneos;
				SWIFT_COMPILATION_MODE = wholemodule;
				SWIFT_OPTIMIZATION_LEVEL = "-O";
				VALIDATE_PRODUCT = YES;
			};
			name = Release;
		};
		3590819528A7555100034B60 /* Debug */ = {
			isa = XCBuildConfiguration;
			buildSettings = {
				ASSETCATALOG_COMPILER_APPICON_NAME = AppIcon;
				ASSETCATALOG_COMPILER_GLOBAL_ACCENT_COLOR_NAME = AccentColor;
				CODE_SIGN_STYLE = Automatic;
				CURRENT_PROJECT_VERSION = 1;
				DEVELOPMENT_ASSET_PATHS = "\"IGEM Software/Preview Content\"";
				ENABLE_PREVIEWS = YES;
				GENERATE_INFOPLIST_FILE = YES;
				INFOPLIST_KEY_CFBundleDisplayName = "Eutrophication Management App";
				INFOPLIST_KEY_UIApplicationSceneManifest_Generation = YES;
				INFOPLIST_KEY_UIApplicationSupportsIndirectInputEvents = YES;
				INFOPLIST_KEY_UILaunchScreen_Generation = YES;
				INFOPLIST_KEY_UISupportedInterfaceOrientations_iPad = "UIInterfaceOrientationPortrait UIInterfaceOrientationPortraitUpsideDown UIInterfaceOrientationLandscapeLeft UIInterfaceOrientationLandscapeRight";
				INFOPLIST_KEY_UISupportedInterfaceOrientations_iPhone = "UIInterfaceOrientationPortrait UIInterfaceOrientationLandscapeLeft UIInterfaceOrientationLandscapeRight";
				LD_RUNPATH_SEARCH_PATHS = (
					"$(inherited)",
					"@executable_path/Frameworks",
				);
				MARKETING_VERSION = 1.0;
				PRODUCT_BUNDLE_IDENTIFIER = "com.KyleWang.IGEM-Software";
				PRODUCT_NAME = "$(TARGET_NAME)";
				SWIFT_EMIT_LOC_STRINGS = YES;
				SWIFT_VERSION = 5.0;
				TARGETED_DEVICE_FAMILY = "1,2";
			};
			name = Debug;
		};
		3590819628A7555100034B60 /* Release */ = {
			isa = XCBuildConfiguration;
			buildSettings = {
				ASSETCATALOG_COMPILER_APPICON_NAME = AppIcon;
				ASSETCATALOG_COMPILER_GLOBAL_ACCENT_COLOR_NAME = AccentColor;
				CODE_SIGN_STYLE = Automatic;
				CURRENT_PROJECT_VERSION = 1;
				DEVELOPMENT_ASSET_PATHS = "\"IGEM Software/Preview Content\"";
				ENABLE_PREVIEWS = YES;
				GENERATE_INFOPLIST_FILE = YES;
				INFOPLIST_KEY_CFBundleDisplayName = "Eutrophication Management App";
				INFOPLIST_KEY_UIApplicationSceneManifest_Generation = YES;
				INFOPLIST_KEY_UIApplicationSupportsIndirectInputEvents = YES;
				INFOPLIST_KEY_UILaunchScreen_Generation = YES;
				INFOPLIST_KEY_UISupportedInterfaceOrientations_iPad = "UIInterfaceOrientationPortrait UIInterfaceOrientationPortraitUpsideDown UIInterfaceOrientationLandscapeLeft UIInterfaceOrientationLandscapeRight";
				INFOPLIST_KEY_UISupportedInterfaceOrientations_iPhone = "UIInterfaceOrientationPortrait UIInterfaceOrientationLandscapeLeft UIInterfaceOrientationLandscapeRight";
				LD_RUNPATH_SEARCH_PATHS = (
					"$(inherited)",
					"@executable_path/Frameworks",
				);
				MARKETING_VERSION = 1.0;
				PRODUCT_BUNDLE_IDENTIFIER = "com.KyleWang.IGEM-Software";
				PRODUCT_NAME = "$(TARGET_NAME)";
				SWIFT_EMIT_LOC_STRINGS = YES;
				SWIFT_VERSION = 5.0;
				TARGETED_DEVICE_FAMILY = "1,2";
			};
			name = Release;
		};
/* End XCBuildConfiguration section */

/* Begin XCConfigurationList section */
		3590818128A7554800034B60 /* Build configuration list for PBXProject "IGEM Software" */ = {
			isa = XCConfigurationList;
			buildConfigurations = (
				3590819228A7555100034B60 /* Debug */,
				3590819328A7555100034B60 /* Release */,
			);
			defaultConfigurationIsVisible = 0;
			defaultConfigurationName = Release;
		};
		3590819428A7555100034B60 /* Build configuration list for PBXNativeTarget "IGEM Software" */ = {
			isa = XCConfigurationList;
			buildConfigurations = (
				3590819528A7555100034B60 /* Debug */,
				3590819628A7555100034B60 /* Release */,
			);
			defaultConfigurationIsVisible = 0;
			defaultConfigurationName = Release;
		};
/* End XCConfigurationList section */

/* Begin XCRemoteSwiftPackageReference section */
		35B0A7D628BB06B70008FC3F /* XCRemoteSwiftPackageReference "firebase-ios-sdk" */ = {
			isa = XCRemoteSwiftPackageReference;
			repositoryURL = "https://github.com/firebase/firebase-ios-sdk";
			requirement = {
				kind = upToNextMajorVersion;
				minimumVersion = 9.0.0;
			};
		};
/* End XCRemoteSwiftPackageReference section */

/* Begin XCSwiftPackageProductDependency section */
		35B0A7D728BB06B80008FC3F /* FirebaseAuth */ = {
			isa = XCSwiftPackageProductDependency;
			package = 35B0A7D628BB06B70008FC3F /* XCRemoteSwiftPackageReference "firebase-ios-sdk" */;
			productName = FirebaseAuth;
		};
/* End XCSwiftPackageProductDependency section */
	};
	rootObject = 3590817E28A7554800034B60 /* Project object */;
}
